
Microsoft Visual Studio Solution File, Format Version 12.00
Project("{FAE04EC0-301F-11D3-BF4B-00C04F79EFBC}") = "CS_in_a_Month", "CS_in_a_Month.csproj", "{68AD7463-3443-4A53-B763-870E6CF3CF88}"
EndProject
Global
	GlobalSection(SolutionConfigurationPlatforms) = preSolution
		Debug|Any CPU = Debug|Any CPU
		Release|Any CPU = Release|Any CPU
	EndGlobalSection
	GlobalSection(ProjectConfigurationPlatforms) = postSolution
		{68AD7463-3443-4A53-B763-870E6CF3CF88}.Debug|Any CPU.ActiveCfg = Debug|Any CPU
		{68AD7463-3443-4A53-B763-870E6CF3CF88}.Debug|Any CPU.Build.0 = Debug|Any CPU
		{68AD7463-3443-4A53-B763-870E6CF3CF88}.Release|Any CPU.ActiveCfg = Release|Any CPU
		{68AD7463-3443-4A53-B763-870E6CF3CF88}.Release|Any CPU.Build.0 = Release|Any CPU
	EndGlobalSection
EndGlobal
